
Microsoft Visual Studio Solution File, Format Version 12.00
# Visual Studio 15
VisualStudioVersion = 15.0.26124.0
MinimumVisualStudioVersion = 15.0.26124.0
Project("{FAE04EC0-301F-11D3-BF4B-00C04F79EFBC}") = "application", "Api.Application\application.csproj", "{159C1EA3-8044-4CA9-81C5-89FF467A7CA6}"
EndProject
Project("{FAE04EC0-301F-11D3-BF4B-00C04F79EFBC}") = "Domain", "Api.Domain\Domain.csproj", "{6B74A744-CA29-4424-8394-48DF29A63ACF}"
EndProject
Project("{FAE04EC0-301F-11D3-BF4B-00C04F79EFBC}") = "CrossCutting", "Api.CrossCutting\CrossCutting.csproj", "{8B0AB6F4-A398-48A8-9026-4EE0CB0F76D0}"
EndProject
Project("{FAE04EC0-301F-11D3-BF4B-00C04F79EFBC}") = "Data", "Api.Data\Data.csproj", "{A420172A-5F25-47C8-A000-36B107376E34}"
EndProject
Project("{FAE04EC0-301F-11D3-BF4B-00C04F79EFBC}") = "Service", "Api.Service\Service.csproj", "{6D880306-D96F-4367-8AE0-D2B6C1F8EF2C}"
EndProject
Project("{FAE04EC0-301F-11D3-BF4B-00C04F79EFBC}") = "Api.Data.Test", "Api.Data.Test\Api.Data.Test.csproj", "{246E9270-C4E8-4D03-A699-5D5CEC8AEDEA}"
EndProject
Project("{FAE04EC0-301F-11D3-BF4B-00C04F79EFBC}") = "Api.Service.Test", "Api.Service.Test\Api.Service.Test.csproj", "{8C7CA1D8-A351-4819-B6CE-99B3D747A03E}"
EndProject
Project("{FAE04EC0-301F-11D3-BF4B-00C04F79EFBC}") = "Api.Application.Test", "Api.Application.Test\Api.Application.Test.csproj", "{00869871-8E6D-4317-B7E2-41EA9ADEAC7A}"
EndProject
Project("{FAE04EC0-301F-11D3-BF4B-00C04F79EFBC}") = "Api.Integration.Test", "Api.Integration.Test\Api.Integration.Test.csproj", "{7439CF7E-B5AC-4F46-9023-93CF109316E9}"
EndProject
Global
	GlobalSection(SolutionConfigurationPlatforms) = preSolution
		Debug|Any CPU = Debug|Any CPU
		Debug|x64 = Debug|x64
		Debug|x86 = Debug|x86
		Release|Any CPU = Release|Any CPU
		Release|x64 = Release|x64
		Release|x86 = Release|x86
	EndGlobalSection
	GlobalSection(SolutionProperties) = preSolution
		HideSolutionNode = FALSE
	EndGlobalSection
	GlobalSection(ProjectConfigurationPlatforms) = postSolution
		{159C1EA3-8044-4CA9-81C5-89FF467A7CA6}.Debug|Any CPU.ActiveCfg = Debug|Any CPU
		{159C1EA3-8044-4CA9-81C5-89FF467A7CA6}.Debug|Any CPU.Build.0 = Debug|Any CPU
		{159C1EA3-8044-4CA9-81C5-89FF467A7CA6}.Debug|x64.ActiveCfg = Debug|Any CPU
		{159C1EA3-8044-4CA9-81C5-89FF467A7CA6}.Debug|x64.Build.0 = Debug|Any CPU
		{159C1EA3-8044-4CA9-81C5-89FF467A7CA6}.Debug|x86.ActiveCfg = Debug|Any CPU
		{159C1EA3-8044-4CA9-81C5-89FF467A7CA6}.Debug|x86.Build.0 = Debug|Any CPU
		{159C1EA3-8044-4CA9-81C5-89FF467A7CA6}.Release|Any CPU.ActiveCfg = Release|Any CPU
		{159C1EA3-8044-4CA9-81C5-89FF467A7CA6}.Release|Any CPU.Build.0 = Release|Any CPU
		{159C1EA3-8044-4CA9-81C5-89FF467A7CA6}.Release|x64.ActiveCfg = Release|Any CPU
		{159C1EA3-8044-4CA9-81C5-89FF467A7CA6}.Release|x64.Build.0 = Release|Any CPU
		{159C1EA3-8044-4CA9-81C5-89FF467A7CA6}.Release|x86.ActiveCfg = Release|Any CPU
		{159C1EA3-8044-4CA9-81C5-89FF467A7CA6}.Release|x86.Build.0 = Release|Any CPU
		{6B74A744-CA29-4424-8394-48DF29A63ACF}.Debug|Any CPU.ActiveCfg = Debug|Any CPU
		{6B74A744-CA29-4424-8394-48DF29A63ACF}.Debug|Any CPU.Build.0 = Debug|Any CPU
		{6B74A744-CA29-4424-8394-48DF29A63ACF}.Debug|x64.ActiveCfg = Debug|Any CPU
		{6B74A744-CA29-4424-8394-48DF29A63ACF}.Debug|x64.Build.0 = Debug|Any CPU
		{6B74A744-CA29-4424-8394-48DF29A63ACF}.Debug|x86.ActiveCfg = Debug|Any CPU
		{6B74A744-CA29-4424-8394-48DF29A63ACF}.Debug|x86.Build.0 = Debug|Any CPU
		{6B74A744-CA29-4424-8394-48DF29A63ACF}.Release|Any CPU.ActiveCfg = Release|Any CPU
		{6B74A744-CA29-4424-8394-48DF29A63ACF}.Release|Any CPU.Build.0 = Release|Any CPU
		{6B74A744-CA29-4424-8394-48DF29A63ACF}.Release|x64.ActiveCfg = Release|Any CPU
		{6B74A744-CA29-4424-8394-48DF29A63ACF}.Release|x64.Build.0 = Release|Any CPU
		{6B74A744-CA29-4424-8394-48DF29A63ACF}.Release|x86.ActiveCfg = Release|Any CPU
		{6B74A744-CA29-4424-8394-48DF29A63ACF}.Release|x86.Build.0 = Release|Any CPU
		{8B0AB6F4-A398-48A8-9026-4EE0CB0F76D0}.Debug|Any CPU.ActiveCfg = Debug|Any CPU
		{8B0AB6F4-A398-48A8-9026-4EE0CB0F76D0}.Debug|Any CPU.Build.0 = Debug|Any CPU
		{8B0AB6F4-A398-48A8-9026-4EE0CB0F76D0}.Debug|x64.ActiveCfg = Debug|Any CPU
		{8B0AB6F4-A398-48A8-9026-4EE0CB0F76D0}.Debug|x64.Build.0 = Debug|Any CPU
		{8B0AB6F4-A398-48A8-9026-4EE0CB0F76D0}.Debug|x86.ActiveCfg = Debug|Any CPU
		{8B0AB6F4-A398-48A8-9026-4EE0CB0F76D0}.Debug|x86.Build.0 = Debug|Any CPU
		{8B0AB6F4-A398-48A8-9026-4EE0CB0F76D0}.Release|Any CPU.ActiveCfg = Release|Any CPU
		{8B0AB6F4-A398-48A8-9026-4EE0CB0F76D0}.Release|Any CPU.Build.0 = Release|Any CPU
		{8B0AB6F4-A398-48A8-9026-4EE0CB0F76D0}.Release|x64.ActiveCfg = Release|Any CPU
		{8B0AB6F4-A398-48A8-9026-4EE0CB0F76D0}.Release|x64.Build.0 = Release|Any CPU
		{8B0AB6F4-A398-48A8-9026-4EE0CB0F76D0}.Release|x86.ActiveCfg = Release|Any CPU
		{8B0AB6F4-A398-48A8-9026-4EE0CB0F76D0}.Release|x86.Build.0 = Release|Any CPU
		{A420172A-5F25-47C8-A000-36B107376E34}.Debug|Any CPU.ActiveCfg = Debug|Any CPU
		{A420172A-5F25-47C8-A000-36B107376E34}.Debug|Any CPU.Build.0 = Debug|Any CPU
		{A420172A-5F25-47C8-A000-36B107376E34}.Debug|x64.ActiveCfg = Debug|Any CPU
		{A420172A-5F25-47C8-A000-36B107376E34}.Debug|x64.Build.0 = Debug|Any CPU
		{A420172A-5F25-47C8-A000-36B107376E34}.Debug|x86.ActiveCfg = Debug|Any CPU
		{A420172A-5F25-47C8-A000-36B107376E34}.Debug|x86.Build.0 = Debug|Any CPU
		{A420172A-5F25-47C8-A000-36B107376E34}.Release|Any CPU.ActiveCfg = Release|Any CPU
		{A420172A-5F25-47C8-A000-36B107376E34}.Release|Any CPU.Build.0 = Release|Any CPU
		{A420172A-5F25-47C8-A000-36B107376E34}.Release|x64.ActiveCfg = Release|Any CPU
		{A420172A-5F25-47C8-A000-36B107376E34}.Release|x64.Build.0 = Release|Any CPU
		{A420172A-5F25-47C8-A000-36B107376E34}.Release|x86.ActiveCfg = Release|Any CPU
		{A420172A-5F25-47C8-A000-36B107376E34}.Release|x86.Build.0 = Release|Any CPU
		{6D880306-D96F-4367-8AE0-D2B6C1F8EF2C}.Debug|Any CPU.ActiveCfg = Debug|Any CPU
		{6D880306-D96F-4367-8AE0-D2B6C1F8EF2C}.Debug|Any CPU.Build.0 = Debug|Any CPU
		{6D880306-D96F-4367-8AE0-D2B6C1F8EF2C}.Debug|x64.ActiveCfg = Debug|Any CPU
		{6D880306-D96F-4367-8AE0-D2B6C1F8EF2C}.Debug|x64.Build.0 = Debug|Any CPU
		{6D880306-D96F-4367-8AE0-D2B6C1F8EF2C}.Debug|x86.ActiveCfg = Debug|Any CPU
		{6D880306-D96F-4367-8AE0-D2B6C1F8EF2C}.Debug|x86.Build.0 = Debug|Any CPU
		{6D880306-D96F-4367-8AE0-D2B6C1F8EF2C}.Release|Any CPU.ActiveCfg = Release|Any CPU
		{6D880306-D96F-4367-8AE0-D2B6C1F8EF2C}.Release|Any CPU.Build.0 = Release|Any CPU
		{6D880306-D96F-4367-8AE0-D2B6C1F8EF2C}.Release|x64.ActiveCfg = Release|Any CPU
		{6D880306-D96F-4367-8AE0-D2B6C1F8EF2C}.Release|x64.Build.0 = Release|Any CPU
		{6D880306-D96F-4367-8AE0-D2B6C1F8EF2C}.Release|x86.ActiveCfg = Release|Any CPU
		{6D880306-D96F-4367-8AE0-D2B6C1F8EF2C}.Release|x86.Build.0 = Release|Any CPU
		{246E9270-C4E8-4D03-A699-5D5CEC8AEDEA}.Debug|Any CPU.ActiveCfg = Debug|Any CPU
		{246E9270-C4E8-4D03-A699-5D5CEC8AEDEA}.Debug|Any CPU.Build.0 = Debug|Any CPU
		{246E9270-C4E8-4D03-A699-5D5CEC8AEDEA}.Debug|x64.ActiveCfg = Debug|Any CPU
		{246E9270-C4E8-4D03-A699-5D5CEC8AEDEA}.Debug|x64.Build.0 = Debug|Any CPU
		{246E9270-C4E8-4D03-A699-5D5CEC8AEDEA}.Debug|x86.ActiveCfg = Debug|Any CPU
		{246E9270-C4E8-4D03-A699-5D5CEC8AEDEA}.Debug|x86.Build.0 = Debug|Any CPU
		{246E9270-C4E8-4D03-A699-5D5CEC8AEDEA}.Release|Any CPU.ActiveCfg = Release|Any CPU
		{246E9270-C4E8-4D03-A699-5D5CEC8AEDEA}.Release|Any CPU.Build.0 = Release|Any CPU
		{246E9270-C4E8-4D03-A699-5D5CEC8AEDEA}.Release|x64.ActiveCfg = Release|Any CPU
		{246E9270-C4E8-4D03-A699-5D5CEC8AEDEA}.Release|x64.Build.0 = Release|Any CPU
		{246E9270-C4E8-4D03-A699-5D5CEC8AEDEA}.Release|x86.ActiveCfg = Release|Any CPU
		{246E9270-C4E8-4D03-A699-5D5CEC8AEDEA}.Release|x86.Build.0 = Release|Any CPU
		{8C7CA1D8-A351-4819-B6CE-99B3D747A03E}.Debug|Any CPU.ActiveCfg = Debug|Any CPU
		{8C7CA1D8-A351-4819-B6CE-99B3D747A03E}.Debug|Any CPU.Build.0 = Debug|Any CPU
		{8C7CA1D8-A351-4819-B6CE-99B3D747A03E}.Debug|x64.ActiveCfg = Debug|Any CPU
		{8C7CA1D8-A351-4819-B6CE-99B3D747A03E}.Debug|x64.Build.0 = Debug|Any CPU
		{8C7CA1D8-A351-4819-B6CE-99B3D747A03E}.Debug|x86.ActiveCfg = Debug|Any CPU
		{8C7CA1D8-A351-4819-B6CE-99B3D747A03E}.Debug|x86.Build.0 = Debug|Any CPU
		{8C7CA1D8-A351-4819-B6CE-99B3D747A03E}.Release|Any CPU.ActiveCfg = Release|Any CPU
		{8C7CA1D8-A351-4819-B6CE-99B3D747A03E}.Release|Any CPU.Build.0 = Release|Any CPU
		{8C7CA1D8-A351-4819-B6CE-99B3D747A03E}.Release|x64.ActiveCfg = Release|Any CPU
		{8C7CA1D8-A351-4819-B6CE-99B3D747A03E}.Release|x64.Build.0 = Release|Any CPU
		{8C7CA1D8-A351-4819-B6CE-99B3D747A03E}.Release|x86.ActiveCfg = Release|Any CPU
		{8C7CA1D8-A351-4819-B6CE-99B3D747A03E}.Release|x86.Build.0 = Release|Any CPU
		{00869871-8E6D-4317-B7E2-41EA9ADEAC7A}.Debug|Any CPU.ActiveCfg = Debug|Any CPU
		{00869871-8E6D-4317-B7E2-41EA9ADEAC7A}.Debug|Any CPU.Build.0 = Debug|Any CPU
		{00869871-8E6D-4317-B7E2-41EA9ADEAC7A}.Debug|x64.ActiveCfg = Debug|Any CPU
		{00869871-8E6D-4317-B7E2-41EA9ADEAC7A}.Debug|x64.Build.0 = Debug|Any CPU
		{00869871-8E6D-4317-B7E2-41EA9ADEAC7A}.Debug|x86.ActiveCfg = Debug|Any CPU
		{00869871-8E6D-4317-B7E2-41EA9ADEAC7A}.Debug|x86.Build.0 = Debug|Any CPU
		{00869871-8E6D-4317-B7E2-41EA9ADEAC7A}.Release|Any CPU.ActiveCfg = Release|Any CPU
		{00869871-8E6D-4317-B7E2-41EA9ADEAC7A}.Release|Any CPU.Build.0 = Release|Any CPU
		{00869871-8E6D-4317-B7E2-41EA9ADEAC7A}.Release|x64.ActiveCfg = Release|Any CPU
		{00869871-8E6D-4317-B7E2-41EA9ADEAC7A}.Release|x64.Build.0 = Release|Any CPU
		{00869871-8E6D-4317-B7E2-41EA9ADEAC7A}.Release|x86.ActiveCfg = Release|Any CPU
		{00869871-8E6D-4317-B7E2-41EA9ADEAC7A}.Release|x86.Build.0 = Release|Any CPU
		{7439CF7E-B5AC-4F46-9023-93CF109316E9}.Debug|Any CPU.ActiveCfg = Debug|Any CPU
		{7439CF7E-B5AC-4F46-9023-93CF109316E9}.Debug|Any CPU.Build.0 = Debug|Any CPU
		{7439CF7E-B5AC-4F46-9023-93CF109316E9}.Debug|x64.ActiveCfg = Debug|Any CPU
		{7439CF7E-B5AC-4F46-9023-93CF109316E9}.Debug|x64.Build.0 = Debug|Any CPU
		{7439CF7E-B5AC-4F46-9023-93CF109316E9}.Debug|x86.ActiveCfg = Debug|Any CPU
		{7439CF7E-B5AC-4F46-9023-93CF109316E9}.Debug|x86.Build.0 = Debug|Any CPU
		{7439CF7E-B5AC-4F46-9023-93CF109316E9}.Release|Any CPU.ActiveCfg = Release|Any CPU
		{7439CF7E-B5AC-4F46-9023-93CF109316E9}.Release|Any CPU.Build.0 = Release|Any CPU
		{7439CF7E-B5AC-4F46-9023-93CF109316E9}.Release|x64.ActiveCfg = Release|Any CPU
		{7439CF7E-B5AC-4F46-9023-93CF109316E9}.Release|x64.Build.0 = Release|Any CPU
		{7439CF7E-B5AC-4F46-9023-93CF109316E9}.Release|x86.ActiveCfg = Release|Any CPU
		{7439CF7E-B5AC-4F46-9023-93CF109316E9}.Release|x86.Build.0 = Release|Any CPU
	EndGlobalSection
EndGlobal
